// !$*UTF8*$!
{
	archiveVersion = 1;
	classes = {
	};
	objectVersion = 55;
	objects = {

/* Begin PBXBuildFile section */
		070260E128992B3F003F7416 /* CustomSnsButton.swift in Sources */ = {isa = PBXBuildFile; fileRef = 070260E028992B3F003F7416 /* CustomSnsButton.swift */; };
		0712BC9728868D770017A81F /* HomeViewController.swift in Sources */ = {isa = PBXBuildFile; fileRef = 0712BC9628868D770017A81F /* HomeViewController.swift */; };
		0712BC9928868D880017A81F /* SearchViewController.swift in Sources */ = {isa = PBXBuildFile; fileRef = 0712BC9828868D880017A81F /* SearchViewController.swift */; };
		0712BC9B28868D970017A81F /* ChatViewController.swift in Sources */ = {isa = PBXBuildFile; fileRef = 0712BC9A28868D970017A81F /* ChatViewController.swift */; };
		0712BC9D28868DA00017A81F /* MypageViewController.swift in Sources */ = {isa = PBXBuildFile; fileRef = 0712BC9C28868DA00017A81F /* MypageViewController.swift */; };
		0712BC9F28868DD20017A81F /* MoreViewController.swift in Sources */ = {isa = PBXBuildFile; fileRef = 0712BC9E28868DD20017A81F /* MoreViewController.swift */; };
		0712BCA1288698AD0017A81F /* MainTabBarController.swift in Sources */ = {isa = PBXBuildFile; fileRef = 0712BCA0288698AD0017A81F /* MainTabBarController.swift */; };
		0723121D289A652A00DEBDDC /* NetworkResult.swift in Sources */ = {isa = PBXBuildFile; fileRef = 0723121C289A652A00DEBDDC /* NetworkResult.swift */; };
		0723121F289A654400DEBDDC /* APIConstants.swift in Sources */ = {isa = PBXBuildFile; fileRef = 0723121E289A654400DEBDDC /* APIConstants.swift */; };
		07231221289A657000DEBDDC /* LoginService.swift in Sources */ = {isa = PBXBuildFile; fileRef = 07231220289A657000DEBDDC /* LoginService.swift */; };
		07231224289A77BA00DEBDDC /* Alamofire in Frameworks */ = {isa = PBXBuildFile; productRef = 07231223289A77BA00DEBDDC /* Alamofire */; };
		0731987C288C262300C2C068 /* UIKitExtension.swift in Sources */ = {isa = PBXBuildFile; fileRef = 0731987B288C262300C2C068 /* UIKitExtension.swift */; };
		0749CE1E2882CB9F002B8D36 /* AppDelegate.swift in Sources */ = {isa = PBXBuildFile; fileRef = 0749CE1D2882CB9F002B8D36 /* AppDelegate.swift */; };
		0749CE202882CB9F002B8D36 /* SceneDelegate.swift in Sources */ = {isa = PBXBuildFile; fileRef = 0749CE1F2882CB9F002B8D36 /* SceneDelegate.swift */; };
		0749CE272882CBA2002B8D36 /* Assets.xcassets in Resources */ = {isa = PBXBuildFile; fileRef = 0749CE262882CBA2002B8D36 /* Assets.xcassets */; };
		0749CE2A2882CBA2002B8D36 /* LaunchScreen.storyboard in Resources */ = {isa = PBXBuildFile; fileRef = 0749CE282882CBA2002B8D36 /* LaunchScreen.storyboard */; };
		0756104C288FBAF9001C0EA7 /* CustomButton.swift in Sources */ = {isa = PBXBuildFile; fileRef = 0756104B288FBAF9001C0EA7 /* CustomButton.swift */; };
		0756104E288FD908001C0EA7 /* InitialViewController.swift in Sources */ = {isa = PBXBuildFile; fileRef = 0756104D288FD908001C0EA7 /* InitialViewController.swift */; };
		075610502890025E001C0EA7 /* NavigationViewController.swift in Sources */ = {isa = PBXBuildFile; fileRef = 0756104F2890025E001C0EA7 /* NavigationViewController.swift */; };
		0759B2F52886A994005B9018 /* Pods_There_iOS.framework in Frameworks */ = {isa = PBXBuildFile; fileRef = B96D23B6861E2422F09BFCD8 /* Pods_There_iOS.framework */; };
		0759B2F62886A994005B9018 /* Pods_There_iOS.framework in Embed Frameworks */ = {isa = PBXBuildFile; fileRef = B96D23B6861E2422F09BFCD8 /* Pods_There_iOS.framework */; settings = {ATTRIBUTES = (CodeSignOnCopy, RemoveHeadersOnCopy, ); }; };
		0785EB57289A5DAD000446E2 /* LoginDataModel.swift in Sources */ = {isa = PBXBuildFile; fileRef = 0785EB56289A5DAD000446E2 /* LoginDataModel.swift */; };
		0785EB59289A5DBF000446E2 /* SignUpDataModel.swift in Sources */ = {isa = PBXBuildFile; fileRef = 0785EB58289A5DBF000446E2 /* SignUpDataModel.swift */; };
		07B85ECD2893A6000088BCE3 /* PostViewController.swift in Sources */ = {isa = PBXBuildFile; fileRef = 07B85ECC2893A6000088BCE3 /* PostViewController.swift */; };
		07C53C65289806F100FB9FEE /* UIButton+.swift in Sources */ = {isa = PBXBuildFile; fileRef = 07C53C64289806F100FB9FEE /* UIButton+.swift */; };
		07D89EAE288E8FA2001A4281 /* LoginViewController.swift in Sources */ = {isa = PBXBuildFile; fileRef = 07D89EAD288E8FA2001A4281 /* LoginViewController.swift */; };
		07D89EB0288E8FB6001A4281 /* SignUpViewController.swift in Sources */ = {isa = PBXBuildFile; fileRef = 07D89EAF288E8FB6001A4281 /* SignUpViewController.swift */; };
		07D89EB2288E9009001A4281 /* ViewPager.swift in Sources */ = {isa = PBXBuildFile; fileRef = 07D89EB1288E9009001A4281 /* ViewPager.swift */; };
		07D89EB4288EA601001A4281 /* CollectionTableViewCell.swift in Sources */ = {isa = PBXBuildFile; fileRef = 07D89EB3288EA601001A4281 /* CollectionTableViewCell.swift */; };
		07D89EB6288EA951001A4281 /* TileCollectionViewCell.swift in Sources */ = {isa = PBXBuildFile; fileRef = 07D89EB5288EA951001A4281 /* TileCollectionViewCell.swift */; };
		07D89F822897DD1B004FC808 /* CustomPostCell.swift in Sources */ = {isa = PBXBuildFile; fileRef = 07D89F812897DD1B004FC808 /* CustomPostCell.swift */; };
		07E672602897D161005768CB /* CustomTabBar.swift in Sources */ = {isa = PBXBuildFile; fileRef = 07E6725F2897D161005768CB /* CustomTabBar.swift */; };
		07E672622897D29A005768CB /* CustomTextField.swift in Sources */ = {isa = PBXBuildFile; fileRef = 07E672612897D29A005768CB /* CustomTextField.swift */; };
/* End PBXBuildFile section */

/* Begin PBXCopyFilesBuildPhase section */
		0759B2F72886A994005B9018 /* Embed Frameworks */ = {
			isa = PBXCopyFilesBuildPhase;
			buildActionMask = 2147483647;
			dstPath = "";
			dstSubfolderSpec = 10;
			files = (
				0759B2F62886A994005B9018 /* Pods_There_iOS.framework in Embed Frameworks */,
			);
			name = "Embed Frameworks";
			runOnlyForDeploymentPostprocessing = 0;
		};
/* End PBXCopyFilesBuildPhase section */

/* Begin PBXFileReference section */
		070260E028992B3F003F7416 /* CustomSnsButton.swift */ = {isa = PBXFileReference; lastKnownFileType = sourcecode.swift; path = CustomSnsButton.swift; sourceTree = "<group>"; };
		0712BC9628868D770017A81F /* HomeViewController.swift */ = {isa = PBXFileReference; lastKnownFileType = sourcecode.swift; path = HomeViewController.swift; sourceTree = "<group>"; };
		0712BC9828868D880017A81F /* SearchViewController.swift */ = {isa = PBXFileReference; lastKnownFileType = sourcecode.swift; path = SearchViewController.swift; sourceTree = "<group>"; };
		0712BC9A28868D970017A81F /* ChatViewController.swift */ = {isa = PBXFileReference; lastKnownFileType = sourcecode.swift; path = ChatViewController.swift; sourceTree = "<group>"; };
		0712BC9C28868DA00017A81F /* MypageViewController.swift */ = {isa = PBXFileReference; lastKnownFileType = sourcecode.swift; path = MypageViewController.swift; sourceTree = "<group>"; };
		0712BC9E28868DD20017A81F /* MoreViewController.swift */ = {isa = PBXFileReference; lastKnownFileType = sourcecode.swift; path = MoreViewController.swift; sourceTree = "<group>"; };
		0712BCA0288698AD0017A81F /* MainTabBarController.swift */ = {isa = PBXFileReference; lastKnownFileType = sourcecode.swift; path = MainTabBarController.swift; sourceTree = "<group>"; };
		0723121C289A652A00DEBDDC /* NetworkResult.swift */ = {isa = PBXFileReference; lastKnownFileType = sourcecode.swift; path = NetworkResult.swift; sourceTree = "<group>"; };
		0723121E289A654400DEBDDC /* APIConstants.swift */ = {isa = PBXFileReference; lastKnownFileType = sourcecode.swift; path = APIConstants.swift; sourceTree = "<group>"; };
		07231220289A657000DEBDDC /* LoginService.swift */ = {isa = PBXFileReference; lastKnownFileType = sourcecode.swift; path = LoginService.swift; sourceTree = "<group>"; };
		0731987B288C262300C2C068 /* UIKitExtension.swift */ = {isa = PBXFileReference; lastKnownFileType = sourcecode.swift; path = UIKitExtension.swift; sourceTree = "<group>"; };
		0749CE1A2882CB9F002B8D36 /* There-iOS.app */ = {isa = PBXFileReference; explicitFileType = wrapper.application; includeInIndex = 0; path = "There-iOS.app"; sourceTree = BUILT_PRODUCTS_DIR; };
		0749CE1D2882CB9F002B8D36 /* AppDelegate.swift */ = {isa = PBXFileReference; lastKnownFileType = sourcecode.swift; path = AppDelegate.swift; sourceTree = "<group>"; };
		0749CE1F2882CB9F002B8D36 /* SceneDelegate.swift */ = {isa = PBXFileReference; lastKnownFileType = sourcecode.swift; path = SceneDelegate.swift; sourceTree = "<group>"; };
		0749CE262882CBA2002B8D36 /* Assets.xcassets */ = {isa = PBXFileReference; lastKnownFileType = folder.assetcatalog; path = Assets.xcassets; sourceTree = "<group>"; };
		0749CE292882CBA2002B8D36 /* Base */ = {isa = PBXFileReference; lastKnownFileType = file.storyboard; name = Base; path = Base.lproj/LaunchScreen.storyboard; sourceTree = "<group>"; };
		0749CE2B2882CBA2002B8D36 /* Info.plist */ = {isa = PBXFileReference; lastKnownFileType = text.plist.xml; path = Info.plist; sourceTree = "<group>"; };
		0756104B288FBAF9001C0EA7 /* CustomButton.swift */ = {isa = PBXFileReference; lastKnownFileType = sourcecode.swift; path = CustomButton.swift; sourceTree = "<group>"; };
		0756104D288FD908001C0EA7 /* InitialViewController.swift */ = {isa = PBXFileReference; lastKnownFileType = sourcecode.swift; path = InitialViewController.swift; sourceTree = "<group>"; };
		0756104F2890025E001C0EA7 /* NavigationViewController.swift */ = {isa = PBXFileReference; lastKnownFileType = sourcecode.swift; path = NavigationViewController.swift; sourceTree = "<group>"; };
		0785EB56289A5DAD000446E2 /* LoginDataModel.swift */ = {isa = PBXFileReference; lastKnownFileType = sourcecode.swift; path = LoginDataModel.swift; sourceTree = "<group>"; };
		0785EB58289A5DBF000446E2 /* SignUpDataModel.swift */ = {isa = PBXFileReference; lastKnownFileType = sourcecode.swift; path = SignUpDataModel.swift; sourceTree = "<group>"; };
		07B85ECC2893A6000088BCE3 /* PostViewController.swift */ = {isa = PBXFileReference; lastKnownFileType = sourcecode.swift; path = PostViewController.swift; sourceTree = "<group>"; };
		07C53C64289806F100FB9FEE /* UIButton+.swift */ = {isa = PBXFileReference; lastKnownFileType = sourcecode.swift; path = "UIButton+.swift"; sourceTree = "<group>"; };
		07D89EAD288E8FA2001A4281 /* LoginViewController.swift */ = {isa = PBXFileReference; lastKnownFileType = sourcecode.swift; path = LoginViewController.swift; sourceTree = "<group>"; };
		07D89EAF288E8FB6001A4281 /* SignUpViewController.swift */ = {isa = PBXFileReference; lastKnownFileType = sourcecode.swift; path = SignUpViewController.swift; sourceTree = "<group>"; };
		07D89EB1288E9009001A4281 /* ViewPager.swift */ = {isa = PBXFileReference; lastKnownFileType = sourcecode.swift; path = ViewPager.swift; sourceTree = "<group>"; };
		07D89EB3288EA601001A4281 /* CollectionTableViewCell.swift */ = {isa = PBXFileReference; lastKnownFileType = sourcecode.swift; path = CollectionTableViewCell.swift; sourceTree = "<group>"; };
		07D89EB5288EA951001A4281 /* TileCollectionViewCell.swift */ = {isa = PBXFileReference; lastKnownFileType = sourcecode.swift; path = TileCollectionViewCell.swift; sourceTree = "<group>"; };
		07D89F812897DD1B004FC808 /* CustomPostCell.swift */ = {isa = PBXFileReference; lastKnownFileType = sourcecode.swift; path = CustomPostCell.swift; sourceTree = "<group>"; };
		07E6725F2897D161005768CB /* CustomTabBar.swift */ = {isa = PBXFileReference; lastKnownFileType = sourcecode.swift; path = CustomTabBar.swift; sourceTree = "<group>"; };
		07E672612897D29A005768CB /* CustomTextField.swift */ = {isa = PBXFileReference; lastKnownFileType = sourcecode.swift; path = CustomTextField.swift; sourceTree = "<group>"; };
		67AA3DBED054395C30105591 /* Pods-There-iOS.debug.xcconfig */ = {isa = PBXFileReference; includeInIndex = 1; lastKnownFileType = text.xcconfig; name = "Pods-There-iOS.debug.xcconfig"; path = "Target Support Files/Pods-There-iOS/Pods-There-iOS.debug.xcconfig"; sourceTree = "<group>"; };
		B96D23B6861E2422F09BFCD8 /* Pods_There_iOS.framework */ = {isa = PBXFileReference; explicitFileType = wrapper.framework; includeInIndex = 0; path = Pods_There_iOS.framework; sourceTree = BUILT_PRODUCTS_DIR; };
		C33568F03BF2FAD6BC98DC5C /* Pods-There-iOS.release.xcconfig */ = {isa = PBXFileReference; includeInIndex = 1; lastKnownFileType = text.xcconfig; name = "Pods-There-iOS.release.xcconfig"; path = "Target Support Files/Pods-There-iOS/Pods-There-iOS.release.xcconfig"; sourceTree = "<group>"; };
/* End PBXFileReference section */

/* Begin PBXFrameworksBuildPhase section */
		0749CE172882CB9F002B8D36 /* Frameworks */ = {
			isa = PBXFrameworksBuildPhase;
			buildActionMask = 2147483647;
			files = (
				0759B2F52886A994005B9018 /* Pods_There_iOS.framework in Frameworks */,
				07231224289A77BA00DEBDDC /* Alamofire in Frameworks */,
			);
			runOnlyForDeploymentPostprocessing = 0;
		};
/* End PBXFrameworksBuildPhase section */

/* Begin PBXGroup section */
		070B21FA2899440B0027E7F0 /* HomeView */ = {
			isa = PBXGroup;
			children = (
				0712BC9628868D770017A81F /* HomeViewController.swift */,
				07D89EB3288EA601001A4281 /* CollectionTableViewCell.swift */,
				07D89EB5288EA951001A4281 /* TileCollectionViewCell.swift */,
				07D89EB1288E9009001A4281 /* ViewPager.swift */,
			);
			path = HomeView;
			sourceTree = "<group>";
		};
		070B21FB289944170027E7F0 /* SearchVIew */ = {
			isa = PBXGroup;
			children = (
				0712BC9828868D880017A81F /* SearchViewController.swift */,
			);
			path = SearchVIew;
			sourceTree = "<group>";
		};
		070B21FC2899441E0027E7F0 /* ChatView */ = {
			isa = PBXGroup;
			children = (
				0712BC9A28868D970017A81F /* ChatViewController.swift */,
			);
			path = ChatView;
			sourceTree = "<group>";
		};
		070B21FD289944270027E7F0 /* ProfileView */ = {
			isa = PBXGroup;
			children = (
				0712BC9C28868DA00017A81F /* MypageViewController.swift */,
				070B21FF2899444F0027E7F0 /* PostView */,
			);
			path = ProfileView;
			sourceTree = "<group>";
		};
		070B21FE2899442F0027E7F0 /* EtcView */ = {
			isa = PBXGroup;
			children = (
				0712BC9E28868DD20017A81F /* MoreViewController.swift */,
			);
			path = EtcView;
			sourceTree = "<group>";
		};
		070B21FF2899444F0027E7F0 /* PostView */ = {
			isa = PBXGroup;
			children = (
				07B85ECC2893A6000088BCE3 /* PostViewController.swift */,
			);
			path = PostView;
			sourceTree = "<group>";
		};
		0723121B289A651400DEBDDC /* Network */ = {
			isa = PBXGroup;
			children = (
				0723121C289A652A00DEBDDC /* NetworkResult.swift */,
				0723121E289A654400DEBDDC /* APIConstants.swift */,
			);
			path = Network;
			sourceTree = "<group>";
		};
		07319878288C1FC700C2C068 /* Extension */ = {
			isa = PBXGroup;
			children = (
				0731987B288C262300C2C068 /* UIKitExtension.swift */,
				0756104B288FBAF9001C0EA7 /* CustomButton.swift */,
				07E6725F2897D161005768CB /* CustomTabBar.swift */,
				07E672612897D29A005768CB /* CustomTextField.swift */,
				07D89F812897DD1B004FC808 /* CustomPostCell.swift */,
				07C53C64289806F100FB9FEE /* UIButton+.swift */,
				070260E028992B3F003F7416 /* CustomSnsButton.swift */,
			);
			path = Extension;
			sourceTree = "<group>";
		};
		0749CE112882CB9E002B8D36 = {
			isa = PBXGroup;
			children = (
				0749CE1C2882CB9F002B8D36 /* There-iOS */,
				0749CE1B2882CB9F002B8D36 /* Products */,
				5DB207E99A1CE5A8E118618B /* Pods */,
				F59289E88F7678533F3BE3E5 /* Frameworks */,
			);
			sourceTree = "<group>";
		};
		0749CE1B2882CB9F002B8D36 /* Products */ = {
			isa = PBXGroup;
			children = (
				0749CE1A2882CB9F002B8D36 /* There-iOS.app */,
			);
			name = Products;
			sourceTree = "<group>";
		};
		0749CE1C2882CB9F002B8D36 /* There-iOS */ = {
			isa = PBXGroup;
			children = (
				0723121B289A651400DEBDDC /* Network */,
				07D89EA9288E8EDB001A4281 /* MainView */,
				07319878288C1FC700C2C068 /* Extension */,
				0749CE1D2882CB9F002B8D36 /* AppDelegate.swift */,
				0749CE1F2882CB9F002B8D36 /* SceneDelegate.swift */,
				0749CE262882CBA2002B8D36 /* Assets.xcassets */,
				0749CE282882CBA2002B8D36 /* LaunchScreen.storyboard */,
				0749CE2B2882CBA2002B8D36 /* Info.plist */,
			);
			path = "There-iOS";
			sourceTree = "<group>";
		};
		07D89EA9288E8EDB001A4281 /* MainView */ = {
			isa = PBXGroup;
			children = (
				070B21FE2899442F0027E7F0 /* EtcView */,
				070B21FD289944270027E7F0 /* ProfileView */,
				070B21FC2899441E0027E7F0 /* ChatView */,
				070B21FB289944170027E7F0 /* SearchVIew */,
				070B21FA2899440B0027E7F0 /* HomeView */,
				07D89EAA288E8F0B001A4281 /* InitialView */,
				0712BCA0288698AD0017A81F /* MainTabBarController.swift */,
				0756104F2890025E001C0EA7 /* NavigationViewController.swift */,
			);
			path = MainView;
			sourceTree = "<group>";
		};
		07D89EAA288E8F0B001A4281 /* InitialView */ = {
			isa = PBXGroup;
			children = (
				07D89EAC288E8F2F001A4281 /* SignUp */,
				07D89EAB288E8F16001A4281 /* Login */,
				0756104D288FD908001C0EA7 /* InitialViewController.swift */,
			);
			path = InitialView;
			sourceTree = "<group>";
		};
		07D89EAB288E8F16001A4281 /* Login */ = {
			isa = PBXGroup;
			children = (
				07D89EAD288E8FA2001A4281 /* LoginViewController.swift */,
				0785EB56289A5DAD000446E2 /* LoginDataModel.swift */,
				07231220289A657000DEBDDC /* LoginService.swift */,
			);
			path = Login;
			sourceTree = "<group>";
		};
		07D89EAC288E8F2F001A4281 /* SignUp */ = {
			isa = PBXGroup;
			children = (
				07D89EAF288E8FB6001A4281 /* SignUpViewController.swift */,
				0785EB58289A5DBF000446E2 /* SignUpDataModel.swift */,
			);
			path = SignUp;
			sourceTree = "<group>";
		};
		5DB207E99A1CE5A8E118618B /* Pods */ = {
			isa = PBXGroup;
			children = (
				67AA3DBED054395C30105591 /* Pods-There-iOS.debug.xcconfig */,
				C33568F03BF2FAD6BC98DC5C /* Pods-There-iOS.release.xcconfig */,
			);
			path = Pods;
			sourceTree = "<group>";
		};
		F59289E88F7678533F3BE3E5 /* Frameworks */ = {
			isa = PBXGroup;
			children = (
				B96D23B6861E2422F09BFCD8 /* Pods_There_iOS.framework */,
			);
			name = Frameworks;
			sourceTree = "<group>";
		};
/* End PBXGroup section */

/* Begin PBXNativeTarget section */
		0749CE192882CB9F002B8D36 /* There-iOS */ = {
			isa = PBXNativeTarget;
			buildConfigurationList = 0749CE2E2882CBA2002B8D36 /* Build configuration list for PBXNativeTarget "There-iOS" */;
			buildPhases = (
				C9914815AD1C5005238F0636 /* [CP] Check Pods Manifest.lock */,
				0749CE162882CB9F002B8D36 /* Sources */,
				0749CE172882CB9F002B8D36 /* Frameworks */,
				0749CE182882CB9F002B8D36 /* Resources */,
				A5F0D59B2A1EA53F0CA6F7E3 /* [CP] Embed Pods Frameworks */,
				0759B2F72886A994005B9018 /* Embed Frameworks */,
			);
			buildRules = (
			);
			dependencies = (
			);
			name = "There-iOS";
			packageProductDependencies = (
				07231223289A77BA00DEBDDC /* Alamofire */,
			);
			productName = "There-iOS";
			productReference = 0749CE1A2882CB9F002B8D36 /* There-iOS.app */;
			productType = "com.apple.product-type.application";
		};
/* End PBXNativeTarget section */

/* Begin PBXProject section */
		0749CE122882CB9E002B8D36 /* Project object */ = {
			isa = PBXProject;
			attributes = {
				BuildIndependentTargetsInParallel = 1;
				LastSwiftUpdateCheck = 1330;
				LastUpgradeCheck = 1330;
				TargetAttributes = {
					0749CE192882CB9F002B8D36 = {
						CreatedOnToolsVersion = 13.3.1;
					};
				};
			};
			buildConfigurationList = 0749CE152882CB9E002B8D36 /* Build configuration list for PBXProject "There-iOS" */;
			compatibilityVersion = "Xcode 13.0";
			developmentRegion = en;
			hasScannedForEncodings = 0;
			knownRegions = (
				en,
				Base,
			);
			mainGroup = 0749CE112882CB9E002B8D36;
			packageReferences = (
				07231222289A77BA00DEBDDC /* XCRemoteSwiftPackageReference "Alamofire" */,
			);
			productRefGroup = 0749CE1B2882CB9F002B8D36 /* Products */;
			projectDirPath = "";
			projectRoot = "";
			targets = (
				0749CE192882CB9F002B8D36 /* There-iOS */,
			);
		};
/* End PBXProject section */

/* Begin PBXResourcesBuildPhase section */
		0749CE182882CB9F002B8D36 /* Resources */ = {
			isa = PBXResourcesBuildPhase;
			buildActionMask = 2147483647;
			files = (
				0749CE2A2882CBA2002B8D36 /* LaunchScreen.storyboard in Resources */,
				0749CE272882CBA2002B8D36 /* Assets.xcassets in Resources */,
			);
			runOnlyForDeploymentPostprocessing = 0;
		};
/* End PBXResourcesBuildPhase section */

/* Begin PBXShellScriptBuildPhase section */
		A5F0D59B2A1EA53F0CA6F7E3 /* [CP] Embed Pods Frameworks */ = {
			isa = PBXShellScriptBuildPhase;
			buildActionMask = 2147483647;
			files = (
			);
			inputFileListPaths = (
				"${PODS_ROOT}/Target Support Files/Pods-There-iOS/Pods-There-iOS-frameworks-${CONFIGURATION}-input-files.xcfilelist",
			);
			name = "[CP] Embed Pods Frameworks";
			outputFileListPaths = (
				"${PODS_ROOT}/Target Support Files/Pods-There-iOS/Pods-There-iOS-frameworks-${CONFIGURATION}-output-files.xcfilelist",
			);
			runOnlyForDeploymentPostprocessing = 0;
			shellPath = /bin/sh;
			shellScript = "\"${PODS_ROOT}/Target Support Files/Pods-There-iOS/Pods-There-iOS-frameworks.sh\"\n";
			showEnvVarsInLog = 0;
		};
		C9914815AD1C5005238F0636 /* [CP] Check Pods Manifest.lock */ = {
			isa = PBXShellScriptBuildPhase;
			buildActionMask = 2147483647;
			files = (
			);
			inputFileListPaths = (
			);
			inputPaths = (
				"${PODS_PODFILE_DIR_PATH}/Podfile.lock",
				"${PODS_ROOT}/Manifest.lock",
			);
			name = "[CP] Check Pods Manifest.lock";
			outputFileListPaths = (
			);
			outputPaths = (
				"$(DERIVED_FILE_DIR)/Pods-There-iOS-checkManifestLockResult.txt",
			);
			runOnlyForDeploymentPostprocessing = 0;
			shellPath = /bin/sh;
			shellScript = "diff \"${PODS_PODFILE_DIR_PATH}/Podfile.lock\" \"${PODS_ROOT}/Manifest.lock\" > /dev/null\nif [ $? != 0 ] ; then\n    # print error to STDERR\n    echo \"error: The sandbox is not in sync with the Podfile.lock. Run 'pod install' or update your CocoaPods installation.\" >&2\n    exit 1\nfi\n# This output is used by Xcode 'outputs' to avoid re-running this script phase.\necho \"SUCCESS\" > \"${SCRIPT_OUTPUT_FILE_0}\"\n";
			showEnvVarsInLog = 0;
		};
/* End PBXShellScriptBuildPhase section */

/* Begin PBXSourcesBuildPhase section */
		0749CE162882CB9F002B8D36 /* Sources */ = {
			isa = PBXSourcesBuildPhase;
			buildActionMask = 2147483647;
			files = (
				07D89EB6288EA951001A4281 /* TileCollectionViewCell.swift in Sources */,
				0712BC9928868D880017A81F /* SearchViewController.swift in Sources */,
				0756104C288FBAF9001C0EA7 /* CustomButton.swift in Sources */,
				07B85ECD2893A6000088BCE3 /* PostViewController.swift in Sources */,
				0712BCA1288698AD0017A81F /* MainTabBarController.swift in Sources */,
				0712BC9D28868DA00017A81F /* MypageViewController.swift in Sources */,
				0749CE1E2882CB9F002B8D36 /* AppDelegate.swift in Sources */,
				070260E128992B3F003F7416 /* CustomSnsButton.swift in Sources */,
				075610502890025E001C0EA7 /* NavigationViewController.swift in Sources */,
				0731987C288C262300C2C068 /* UIKitExtension.swift in Sources */,
				07D89EB4288EA601001A4281 /* CollectionTableViewCell.swift in Sources */,
				0749CE202882CB9F002B8D36 /* SceneDelegate.swift in Sources */,
				07C53C65289806F100FB9FEE /* UIButton+.swift in Sources */,
				07D89EB0288E8FB6001A4281 /* SignUpViewController.swift in Sources */,
				0712BC9F28868DD20017A81F /* MoreViewController.swift in Sources */,
				07E672622897D29A005768CB /* CustomTextField.swift in Sources */,
				0712BC9B28868D970017A81F /* ChatViewController.swift in Sources */,
				0756104E288FD908001C0EA7 /* InitialViewController.swift in Sources */,
				07E672602897D161005768CB /* CustomTabBar.swift in Sources */,
				0723121D289A652A00DEBDDC /* NetworkResult.swift in Sources */,
				0785EB59289A5DBF000446E2 /* SignUpDataModel.swift in Sources */,
				0785EB57289A5DAD000446E2 /* LoginDataModel.swift in Sources */,
				07D89F822897DD1B004FC808 /* CustomPostCell.swift in Sources */,
				0723121F289A654400DEBDDC /* APIConstants.swift in Sources */,
				07D89EAE288E8FA2001A4281 /* LoginViewController.swift in Sources */,
				0712BC9728868D770017A81F /* HomeViewController.swift in Sources */,
				07D89EB2288E9009001A4281 /* ViewPager.swift in Sources */,
				07231221289A657000DEBDDC /* LoginService.swift in Sources */,
			);
			runOnlyForDeploymentPostprocessing = 0;
		};
/* End PBXSourcesBuildPhase section */

/* Begin PBXVariantGroup section */
		0749CE282882CBA2002B8D36 /* LaunchScreen.storyboard */ = {
			isa = PBXVariantGroup;
			children = (
				0749CE292882CBA2002B8D36 /* Base */,
			);
			name = LaunchScreen.storyboard;
			sourceTree = "<group>";
		};
/* End PBXVariantGroup section */

/* Begin XCBuildConfiguration section */
		0749CE2C2882CBA2002B8D36 /* Debug */ = {
			isa = XCBuildConfiguration;
			buildSettings = {
				ALWAYS_SEARCH_USER_PATHS = NO;
				CLANG_ANALYZER_NONNULL = YES;
				CLANG_ANALYZER_NUMBER_OBJECT_CONVERSION = YES_AGGRESSIVE;
				CLANG_CXX_LANGUAGE_STANDARD = "gnu++17";
				CLANG_ENABLE_MODULES = YES;
				CLANG_ENABLE_OBJC_ARC = YES;
				CLANG_ENABLE_OBJC_WEAK = YES;
				CLANG_WARN_BLOCK_CAPTURE_AUTORELEASING = YES;
				CLANG_WARN_BOOL_CONVERSION = YES;
				CLANG_WARN_COMMA = YES;
				CLANG_WARN_CONSTANT_CONVERSION = YES;
				CLANG_WARN_DEPRECATED_OBJC_IMPLEMENTATIONS = YES;
				CLANG_WARN_DIRECT_OBJC_ISA_USAGE = YES_ERROR;
				CLANG_WARN_DOCUMENTATION_COMMENTS = YES;
				CLANG_WARN_EMPTY_BODY = YES;
				CLANG_WARN_ENUM_CONVERSION = YES;
				CLANG_WARN_INFINITE_RECURSION = YES;
				CLANG_WARN_INT_CONVERSION = YES;
				CLANG_WARN_NON_LITERAL_NULL_CONVERSION = YES;
				CLANG_WARN_OBJC_IMPLICIT_RETAIN_SELF = YES;
				CLANG_WARN_OBJC_LITERAL_CONVERSION = YES;
				CLANG_WARN_OBJC_ROOT_CLASS = YES_ERROR;
				CLANG_WARN_QUOTED_INCLUDE_IN_FRAMEWORK_HEADER = YES;
				CLANG_WARN_RANGE_LOOP_ANALYSIS = YES;
				CLANG_WARN_STRICT_PROTOTYPES = YES;
				CLANG_WARN_SUSPICIOUS_MOVE = YES;
				CLANG_WARN_UNGUARDED_AVAILABILITY = YES_AGGRESSIVE;
				CLANG_WARN_UNREACHABLE_CODE = YES;
				CLANG_WARN__DUPLICATE_METHOD_MATCH = YES;
				COPY_PHASE_STRIP = NO;
				DEBUG_INFORMATION_FORMAT = dwarf;
				ENABLE_STRICT_OBJC_MSGSEND = YES;
				ENABLE_TESTABILITY = YES;
				GCC_C_LANGUAGE_STANDARD = gnu11;
				GCC_DYNAMIC_NO_PIC = NO;
				GCC_NO_COMMON_BLOCKS = YES;
				GCC_OPTIMIZATION_LEVEL = 0;
				GCC_PREPROCESSOR_DEFINITIONS = (
					"DEBUG=1",
					"$(inherited)",
				);
				GCC_WARN_64_TO_32_BIT_CONVERSION = YES;
				GCC_WARN_ABOUT_RETURN_TYPE = YES_ERROR;
				GCC_WARN_UNDECLARED_SELECTOR = YES;
				GCC_WARN_UNINITIALIZED_AUTOS = YES_AGGRESSIVE;
				GCC_WARN_UNUSED_FUNCTION = YES;
				GCC_WARN_UNUSED_VARIABLE = YES;
				IPHONEOS_DEPLOYMENT_TARGET = 15.4;
				MTL_ENABLE_DEBUG_INFO = INCLUDE_SOURCE;
				MTL_FAST_MATH = YES;
				ONLY_ACTIVE_ARCH = YES;
				SDKROOT = iphoneos;
				SWIFT_ACTIVE_COMPILATION_CONDITIONS = DEBUG;
				SWIFT_OPTIMIZATION_LEVEL = "-Onone";
			};
			name = Debug;
		};
		0749CE2D2882CBA2002B8D36 /* Release */ = {
			isa = XCBuildConfiguration;
			buildSettings = {
				ALWAYS_SEARCH_USER_PATHS = NO;
				CLANG_ANALYZER_NONNULL = YES;
				CLANG_ANALYZER_NUMBER_OBJECT_CONVERSION = YES_AGGRESSIVE;
				CLANG_CXX_LANGUAGE_STANDARD = "gnu++17";
				CLANG_ENABLE_MODULES = YES;
				CLANG_ENABLE_OBJC_ARC = YES;
				CLANG_ENABLE_OBJC_WEAK = YES;
				CLANG_WARN_BLOCK_CAPTURE_AUTORELEASING = YES;
				CLANG_WARN_BOOL_CONVERSION = YES;
				CLANG_WARN_COMMA = YES;
				CLANG_WARN_CONSTANT_CONVERSION = YES;
				CLANG_WARN_DEPRECATED_OBJC_IMPLEMENTATIONS = YES;
				CLANG_WARN_DIRECT_OBJC_ISA_USAGE = YES_ERROR;
				CLANG_WARN_DOCUMENTATION_COMMENTS = YES;
				CLANG_WARN_EMPTY_BODY = YES;
				CLANG_WARN_ENUM_CONVERSION = YES;
				CLANG_WARN_INFINITE_RECURSION = YES;
				CLANG_WARN_INT_CONVERSION = YES;
				CLANG_WARN_NON_LITERAL_NULL_CONVERSION = YES;
				CLANG_WARN_OBJC_IMPLICIT_RETAIN_SELF = YES;
				CLANG_WARN_OBJC_LITERAL_CONVERSION = YES;
				CLANG_WARN_OBJC_ROOT_CLASS = YES_ERROR;
				CLANG_WARN_QUOTED_INCLUDE_IN_FRAMEWORK_HEADER = YES;
				CLANG_WARN_RANGE_LOOP_ANALYSIS = YES;
				CLANG_WARN_STRICT_PROTOTYPES = YES;
				CLANG_WARN_SUSPICIOUS_MOVE = YES;
				CLANG_WARN_UNGUARDED_AVAILABILITY = YES_AGGRESSIVE;
				CLANG_WARN_UNREACHABLE_CODE = YES;
				CLANG_WARN__DUPLICATE_METHOD_MATCH = YES;
				COPY_PHASE_STRIP = NO;
				DEBUG_INFORMATION_FORMAT = "dwarf-with-dsym";
				ENABLE_NS_ASSERTIONS = NO;
				ENABLE_STRICT_OBJC_MSGSEND = YES;
				GCC_C_LANGUAGE_STANDARD = gnu11;
				GCC_NO_COMMON_BLOCKS = YES;
				GCC_WARN_64_TO_32_BIT_CONVERSION = YES;
				GCC_WARN_ABOUT_RETURN_TYPE = YES_ERROR;
				GCC_WARN_UNDECLARED_SELECTOR = YES;
				GCC_WARN_UNINITIALIZED_AUTOS = YES_AGGRESSIVE;
				GCC_WARN_UNUSED_FUNCTION = YES;
				GCC_WARN_UNUSED_VARIABLE = YES;
				IPHONEOS_DEPLOYMENT_TARGET = 15.4;
				MTL_ENABLE_DEBUG_INFO = NO;
				MTL_FAST_MATH = YES;
				SDKROOT = iphoneos;
				SWIFT_COMPILATION_MODE = wholemodule;
				SWIFT_OPTIMIZATION_LEVEL = "-O";
				VALIDATE_PRODUCT = YES;
			};
			name = Release;
		};
		0749CE2F2882CBA2002B8D36 /* Debug */ = {
			isa = XCBuildConfiguration;
			baseConfigurationReference = 67AA3DBED054395C30105591 /* Pods-There-iOS.debug.xcconfig */;
			buildSettings = {
				ASSETCATALOG_COMPILER_APPICON_NAME = AppIcon;
				ASSETCATALOG_COMPILER_GLOBAL_ACCENT_COLOR_NAME = AccentColor;
				CODE_SIGN_STYLE = Automatic;
				CURRENT_PROJECT_VERSION = 1;
				DEVELOPMENT_TEAM = 9798SFTRTN;
				EXCLUDED_ARCHS = arm64;
				"EXCLUDED_ARCHS[sdk=*]" = arm64;
				GENERATE_INFOPLIST_FILE = YES;
				INFOPLIST_FILE = "There-iOS/Info.plist";
				INFOPLIST_KEY_UIApplicationSupportsIndirectInputEvents = YES;
				INFOPLIST_KEY_UILaunchStoryboardName = LaunchScreen;
				INFOPLIST_KEY_UISupportedInterfaceOrientations = UIInterfaceOrientationPortrait;
				INFOPLIST_KEY_UISupportedInterfaceOrientations_iPad = "UIInterfaceOrientationPortrait UIInterfaceOrientationPortraitUpsideDown UIInterfaceOrientationLandscapeLeft UIInterfaceOrientationLandscapeRight";
				INFOPLIST_KEY_UISupportedInterfaceOrientations_iPhone = "UIInterfaceOrientationPortrait UIInterfaceOrientationLandscapeLeft UIInterfaceOrientationLandscapeRight";
				LD_RUNPATH_SEARCH_PATHS = (
					"$(inherited)",
					"@executable_path/Frameworks",
				);
				MARKETING_VERSION = 1.0;
				PRODUCT_BUNDLE_IDENTIFIER = "com.umc2-there-iOS.There-iOS";
				PRODUCT_NAME = "$(TARGET_NAME)";
				SWIFT_EMIT_LOC_STRINGS = YES;
				SWIFT_VERSION = 5.0;
				TARGETED_DEVICE_FAMILY = "1,2";
			};
			name = Debug;
		};
		0749CE302882CBA2002B8D36 /* Release */ = {
			isa = XCBuildConfiguration;
			baseConfigurationReference = C33568F03BF2FAD6BC98DC5C /* Pods-There-iOS.release.xcconfig */;
			buildSettings = {
				ASSETCATALOG_COMPILER_APPICON_NAME = AppIcon;
				ASSETCATALOG_COMPILER_GLOBAL_ACCENT_COLOR_NAME = AccentColor;
				CODE_SIGN_STYLE = Automatic;
				CURRENT_PROJECT_VERSION = 1;
				DEVELOPMENT_TEAM = 9798SFTRTN;
				EXCLUDED_ARCHS = arm64;
				"EXCLUDED_ARCHS[sdk=*]" = arm64;
				GENERATE_INFOPLIST_FILE = YES;
				INFOPLIST_FILE = "There-iOS/Info.plist";
				INFOPLIST_KEY_UIApplicationSupportsIndirectInputEvents = YES;
				INFOPLIST_KEY_UILaunchStoryboardName = LaunchScreen;
				INFOPLIST_KEY_UISupportedInterfaceOrientations = UIInterfaceOrientationPortrait;
				INFOPLIST_KEY_UISupportedInterfaceOrientations_iPad = "UIInterfaceOrientationPortrait UIInterfaceOrientationPortraitUpsideDown UIInterfaceOrientationLandscapeLeft UIInterfaceOrientationLandscapeRight";
				INFOPLIST_KEY_UISupportedInterfaceOrientations_iPhone = "UIInterfaceOrientationPortrait UIInterfaceOrientationLandscapeLeft UIInterfaceOrientationLandscapeRight";
				LD_RUNPATH_SEARCH_PATHS = (
					"$(inherited)",
					"@executable_path/Frameworks",
				);
				MARKETING_VERSION = 1.0;
				PRODUCT_BUNDLE_IDENTIFIER = "com.umc2-there-iOS.There-iOS";
				PRODUCT_NAME = "$(TARGET_NAME)";
				SWIFT_EMIT_LOC_STRINGS = YES;
				SWIFT_VERSION = 5.0;
				TARGETED_DEVICE_FAMILY = "1,2";
			};
			name = Release;
		};
/* End XCBuildConfiguration section */

/* Begin XCConfigurationList section */
		0749CE152882CB9E002B8D36 /* Build configuration list for PBXProject "There-iOS" */ = {
			isa = XCConfigurationList;
			buildConfigurations = (
				0749CE2C2882CBA2002B8D36 /* Debug */,
				0749CE2D2882CBA2002B8D36 /* Release */,
			);
			defaultConfigurationIsVisible = 0;
			defaultConfigurationName = Release;
		};
		0749CE2E2882CBA2002B8D36 /* Build configuration list for PBXNativeTarget "There-iOS" */ = {
			isa = XCConfigurationList;
			buildConfigurations = (
				0749CE2F2882CBA2002B8D36 /* Debug */,
				0749CE302882CBA2002B8D36 /* Release */,
			);
			defaultConfigurationIsVisible = 0;
			defaultConfigurationName = Release;
		};
/* End XCConfigurationList section */

/* Begin XCRemoteSwiftPackageReference section */
		07231222289A77BA00DEBDDC /* XCRemoteSwiftPackageReference "Alamofire" */ = {
			isa = XCRemoteSwiftPackageReference;
			repositoryURL = "https://github.com/Alamofire/Alamofire";
			requirement = {
				kind = upToNextMajorVersion;
				minimumVersion = 5.0.0;
			};
		};
/* End XCRemoteSwiftPackageReference section */

/* Begin XCSwiftPackageProductDependency section */
		07231223289A77BA00DEBDDC /* Alamofire */ = {
			isa = XCSwiftPackageProductDependency;
			package = 07231222289A77BA00DEBDDC /* XCRemoteSwiftPackageReference "Alamofire" */;
			productName = Alamofire;
		};
/* End XCSwiftPackageProductDependency section */
	};
	rootObject = 0749CE122882CB9E002B8D36 /* Project object */;
}
